// !$*UTF8*$!
{
	archiveVersion = 1;
	classes = {
	};
	objectVersion = 77;
	objects = {

/* Begin PBXBuildFile section */
		F8D5F3343007950B00BEC2E6 /* AppDelegate.swift in Sources */ = {isa = PBXBuildFile; fileRef = F8D5F3333007950B00BEC2E6 /* AppDelegate.swift */; };
		F8D5F3363007950B00BEC2E6 /* SceneDelegate.swift in Sources */ = {isa = PBXBuildFile; fileRef = F8D5F3353007950B00BEC2E6 /* SceneDelegate.swift */; };
		F8D5F3393007950B00BEC2E6 /* LaunchScreen.storyboard in Resources */ = {isa = PBXBuildFile; fileRef = F8D5F3373007950B00BEC2E6 /* LaunchScreen.storyboard */; };
		F8D5F33C3007950B00BEC2E6 /* Main.storyboard in Resources */ = {isa = PBXBuildFile; fileRef = F8D5F33A3007950B00BEC2E6 /* Main.storyboard */; };
		F8D5F3453007950B00BEC2E6 /* AppDelegate.swift in Sources */ = {isa = PBXBuildFile; fileRef = F8D5F3443007950B00BEC2E6 /* AppDelegate.swift */; };
		F8D5F3483007950B00BEC2E6 /* Main.storyboard in Resources */ = {isa = PBXBuildFile; fileRef = F8D5F3463007950B00BEC2E6 /* Main.storyboard */; };
		F8D5F34F3007950B00BEC2E6 /* Guard Extension.appex in Embed Foundation Extensions */ = {isa = PBXBuildFile; fileRef = F8D5F34E3007950B00BEC2E6 /* Guard Extension.appex */; settings = {ATTRIBUTES = (RemoveHeadersOnCopy, ); }; };
		F8D5F3593007950B00BEC2E6 /* Guard Extension.appex in Embed Foundation Extensions */ = {isa = PBXBuildFile; fileRef = F8D5F3583007950B00BEC2E6 /* Guard Extension.appex */; settings = {ATTRIBUTES = (RemoveHeadersOnCopy, ); }; };
		F8D5F35E3007950B00BEC2E6 /* Main.html in Resources */ = {isa = PBXBuildFile; fileRef = F8D5F3233007950A00BEC2E6 /* Main.html */; };
		F8D5F35F3007950B00BEC2E6 /* Main.html in Resources */ = {isa = PBXBuildFile; fileRef = F8D5F3233007950A00BEC2E6 /* Main.html */; };
		F8D5F3603007950B00BEC2E6 /* Icon.png in Resources */ = {isa = PBXBuildFile; fileRef = F8D5F3253007950A00BEC2E6 /* Icon.png */; };
		F8D5F3613007950B00BEC2E6 /* Icon.png in Resources */ = {isa = PBXBuildFile; fileRef = F8D5F3253007950A00BEC2E6 /* Icon.png */; };
		F8D5F3623007950B00BEC2E6 /* Style.css in Resources */ = {isa = PBXBuildFile; fileRef = F8D5F3263007950A00BEC2E6 /* Style.css */; };
		F8D5F3633007950B00BEC2E6 /* Style.css in Resources */ = {isa = PBXBuildFile; fileRef = F8D5F3263007950A00BEC2E6 /* Style.css */; };
		F8D5F3643007950B00BEC2E6 /* Script.js in Resources */ = {isa = PBXBuildFile; fileRef = F8D5F3273007950A00BEC2E6 /* Script.js */; };
		F8D5F3653007950B00BEC2E6 /* Script.js in Resources */ = {isa = PBXBuildFile; fileRef = F8D5F3273007950A00BEC2E6 /* Script.js */; };
		F8D5F3663007950B00BEC2E6 /* ViewController.swift in Sources */ = {isa = PBXBuildFile; fileRef = F8D5F3283007950A00BEC2E6 /* ViewController.swift */; };
		F8D5F3673007950B00BEC2E6 /* ViewController.swift in Sources */ = {isa = PBXBuildFile; fileRef = F8D5F3283007950A00BEC2E6 /* ViewController.swift */; };
		F8D5F3683007950B00BEC2E6 /* Assets.xcassets in Resources */ = {isa = PBXBuildFile; fileRef = F8D5F3293007950B00BEC2E6 /* Assets.xcassets */; };
		F8D5F3693007950B00BEC2E6 /* Assets.xcassets in Resources */ = {isa = PBXBuildFile; fileRef = F8D5F3293007950B00BEC2E6 /* Assets.xcassets */; };
		F8D5F36A3007950B00BEC2E6 /* SafariWebExtensionHandler.swift in Sources */ = {isa = PBXBuildFile; fileRef = F8D5F32B3007950B00BEC2E6 /* SafariWebExtensionHandler.swift */; };
		F8D5F36B3007950B00BEC2E6 /* SafariWebExtensionHandler.swift in Sources */ = {isa = PBXBuildFile; fileRef = F8D5F32B3007950B00BEC2E6 /* SafariWebExtensionHandler.swift */; };
		F8D5F38A3007950B00BEC2E6 /* offscreen.html in Resources */ = {isa = PBXBuildFile; fileRef = F8D5F37D3007950B00BEC2E6 /* offscreen.html */; };
		F8D5F38B3007950B00BEC2E6 /* background.js in Resources */ = {isa = PBXBuildFile; fileRef = F8D5F37E3007950B00BEC2E6 /* background.js */; };
		F8D5F38C3007950B00BEC2E6 /* popup.html in Resources */ = {isa = PBXBuildFile; fileRef = F8D5F37F3007950B00BEC2E6 /* popup.html */; };
		F8D5F38D3007950B00BEC2E6 /* wasm in Resources */ = {isa = PBXBuildFile; fileRef = F8D5F3803007950B00BEC2E6 /* wasm */; };
		F8D5F38E3007950B00BEC2E6 /* models in Resources */ = {isa = PBXBuildFile; fileRef = F8D5F3813007950B00BEC2E6 /* models */; };
		F8D5F38F3007950B00BEC2E6 /* chunks in Resources */ = {isa = PBXBuildFile; fileRef = F8D5F3823007950B00BEC2E6 /* chunks */; };
		F8D5F3903007950B00BEC2E6 /* content-scripts in Resources */ = {isa = PBXBuildFile; fileRef = F8D5F3833007950B00BEC2E6 /* content-scripts */; };
		F8D5F3913007950B00BEC2E6 /* icons in Resources */ = {isa = PBXBuildFile; fileRef = F8D5F3843007950B00BEC2E6 /* icons */; };
		F8D5F3923007950B00BEC2E6 /* manifest.json in Resources */ = {isa = PBXBuildFile; fileRef = F8D5F3853007950B00BEC2E6 /* manifest.json */; };
		F8D5F3933007950B00BEC2E6 /* options.html in Resources */ = {isa = PBXBuildFile; fileRef = F8D5F3863007950B00BEC2E6 /* options.html */; };
		F8D5F3943007950B00BEC2E6 /* _locales in Resources */ = {isa = PBXBuildFile; fileRef = F8D5F3873007950B00BEC2E6 /* _locales */; };
		F8D5F3953007950B00BEC2E6 /* setup.html in Resources */ = {isa = PBXBuildFile; fileRef = F8D5F3883007950B00BEC2E6 /* setup.html */; };
		F8D5F3963007950B00BEC2E6 /* assets in Resources */ = {isa = PBXBuildFile; fileRef = F8D5F3893007950B00BEC2E6 /* assets */; };
		F8D5F3973007950B00BEC2E6 /* offscreen.html in Resources */ = {isa = PBXBuildFile; fileRef = F8D5F37D3007950B00BEC2E6 /* offscreen.html */; };
		F8D5F3983007950B00BEC2E6 /* background.js in Resources */ = {isa = PBXBuildFile; fileRef = F8D5F37E3007950B00BEC2E6 /* background.js */; };
		F8D5F3993007950B00BEC2E6 /* popup.html in Resources */ = {isa = PBXBuildFile; fileRef = F8D5F37F3007950B00BEC2E6 /* popup.html */; };
		F8D5F39A3007950B00BEC2E6 /* wasm in Resources */ = {isa = PBXBuildFile; fileRef = F8D5F3803007950B00BEC2E6 /* wasm */; };
		F8D5F39B3007950B00BEC2E6 /* models in Resources */ = {isa = PBXBuildFile; fileRef = F8D5F3813007950B00BEC2E6 /* models */; };
		F8D5F39C3007950B00BEC2E6 /* chunks in Resources */ = {isa = PBXBuildFile; fileRef = F8D5F3823007950B00BEC2E6 /* chunks */; };
		F8D5F39D3007950B00BEC2E6 /* content-scripts in Resources */ = {isa = PBXBuildFile; fileRef = F8D5F3833007950B00BEC2E6 /* content-scripts */; };
		F8D5F39E3007950B00BEC2E6 /* icons in Resources */ = {isa = PBXBuildFile; fileRef = F8D5F3843007950B00BEC2E6 /* icons */; };
		F8D5F39F3007950B00BEC2E6 /* manifest.json in Resources */ = {isa = PBXBuildFile; fileRef = F8D5F3853007950B00BEC2E6 /* manifest.json */; };
		F8D5F3A03007950B00BEC2E6 /* options.html in Resources */ = {isa = PBXBuildFile; fileRef = F8D5F3863007950B00BEC2E6 /* options.html */; };
		F8D5F3A13007950B00BEC2E6 /* _locales in Resources */ = {isa = PBXBuildFile; fileRef = F8D5F3873007950B00BEC2E6 /* _locales */; };
		F8D5F3A23007950B00BEC2E6 /* setup.html in Resources */ = {isa = PBXBuildFile; fileRef = F8D5F3883007950B00BEC2E6 /* setup.html */; };
		F8D5F3A33007950B00BEC2E6 /* assets in Resources */ = {isa = PBXBuildFile; fileRef = F8D5F3893007950B00BEC2E6 /* assets */; };
		F8D5F9113007950B00BEC2E6 /* GuardAppGroup.swift in Sources */ = {isa = PBXBuildFile; fileRef = F8D5F9103007950B00BEC2E6 /* GuardAppGroup.swift */; };
		F8D5F9123007950B00BEC2E6 /* GuardAppGroup.swift in Sources */ = {isa = PBXBuildFile; fileRef = F8D5F9103007950B00BEC2E6 /* GuardAppGroup.swift */; };
		F8D5F9133007950B00BEC2E6 /* GuardAppGroup.swift in Sources */ = {isa = PBXBuildFile; fileRef = F8D5F9103007950B00BEC2E6 /* GuardAppGroup.swift */; };
		F8D5F9143007950B00BEC2E6 /* GuardAppGroup.swift in Sources */ = {isa = PBXBuildFile; fileRef = F8D5F9103007950B00BEC2E6 /* GuardAppGroup.swift */; };
/* End PBXBuildFile section */

/* Begin PBXContainerItemProxy section */
		F8D5F3503007950B00BEC2E6 /* PBXContainerItemProxy */ = {
			isa = PBXContainerItemProxy;
			containerPortal = F8D5F31D3007950A00BEC2E6 /* Project object */;
			proxyType = 1;
			remoteGlobalIDString = F8D5F34D3007950B00BEC2E6;
			remoteInfo = "Guard Extension (iOS)";
		};
		F8D5F35A3007950B00BEC2E6 /* PBXContainerItemProxy */ = {
			isa = PBXContainerItemProxy;
			containerPortal = F8D5F31D3007950A00BEC2E6 /* Project object */;
			proxyType = 1;
			remoteGlobalIDString = F8D5F3573007950B00BEC2E6;
			remoteInfo = "Guard Extension (macOS)";
		};
/* End PBXContainerItemProxy section */

/* Begin PBXCopyFilesBuildPhase section */
		F8D5F3713007950B00BEC2E6 /* Embed Foundation Extensions */ = {
			isa = PBXCopyFilesBuildPhase;
			buildActionMask = 2147483647;
			dstPath = "";
			dstSubfolderSpec = 13;
			files = (
				F8D5F34F3007950B00BEC2E6 /* Guard Extension.appex in Embed Foundation Extensions */,
			);
			name = "Embed Foundation Extensions";
			runOnlyForDeploymentPostprocessing = 0;
		};
		F8D5F3783007950B00BEC2E6 /* Embed Foundation Extensions */ = {
			isa = PBXCopyFilesBuildPhase;
			buildActionMask = 2147483647;
			dstPath = "";
			dstSubfolderSpec = 13;
			files = (
				F8D5F3593007950B00BEC2E6 /* Guard Extension.appex in Embed Foundation Extensions */,
			);
			name = "Embed Foundation Extensions";
			runOnlyForDeploymentPostprocessing = 0;
		};
/* End PBXCopyFilesBuildPhase section */

/* Begin PBXFileReference section */
		F8D5F3243007950A00BEC2E6 /* Base */ = {isa = PBXFileReference; lastKnownFileType = text.html; name = Base; path = Base.lproj/Main.html; sourceTree = "<group>"; };
		F8D5F3253007950A00BEC2E6 /* Icon.png */ = {isa = PBXFileReference; lastKnownFileType = image.png; path = Icon.png; sourceTree = "<group>"; };
		F8D5F3263007950A00BEC2E6 /* Style.css */ = {isa = PBXFileReference; lastKnownFileType = text.css; path = Style.css; sourceTree = "<group>"; };
		F8D5F3273007950A00BEC2E6 /* Script.js */ = {isa = PBXFileReference; lastKnownFileType = sourcecode.javascript; path = Script.js; sourceTree = "<group>"; };
		F8D5F3283007950A00BEC2E6 /* ViewController.swift */ = {isa = PBXFileReference; lastKnownFileType = sourcecode.swift; path = ViewController.swift; sourceTree = "<group>"; };
		F8D5F3293007950B00BEC2E6 /* Assets.xcassets */ = {isa = PBXFileReference; lastKnownFileType = folder.assetcatalog; path = Assets.xcassets; sourceTree = "<group>"; };
		F8D5F32B3007950B00BEC2E6 /* SafariWebExtensionHandler.swift */ = {isa = PBXFileReference; lastKnownFileType = sourcecode.swift; path = SafariWebExtensionHandler.swift; sourceTree = "<group>"; };
		F8D5F3303007950B00BEC2E6 /* Guard.app */ = {isa = PBXFileReference; explicitFileType = wrapper.application; includeInIndex = 0; path = Guard.app; sourceTree = BUILT_PRODUCTS_DIR; };
		F8D5F3333007950B00BEC2E6 /* AppDelegate.swift */ = {isa = PBXFileReference; lastKnownFileType = sourcecode.swift; path = AppDelegate.swift; sourceTree = "<group>"; };
		F8D5F3353007950B00BEC2E6 /* SceneDelegate.swift */ = {isa = PBXFileReference; lastKnownFileType = sourcecode.swift; path = SceneDelegate.swift; sourceTree = "<group>"; };
		F8D5F3383007950B00BEC2E6 /* Base */ = {isa = PBXFileReference; lastKnownFileType = file.storyboard; name = Base; path = Base.lproj/LaunchScreen.storyboard; sourceTree = "<group>"; };
		F8D5F33B3007950B00BEC2E6 /* Base */ = {isa = PBXFileReference; lastKnownFileType = file.storyboard; name = Base; path = Base.lproj/Main.storyboard; sourceTree = "<group>"; };
		F8D5F33D3007950B00BEC2E6 /* Info.plist */ = {isa = PBXFileReference; lastKnownFileType = text.plist.xml; path = Info.plist; sourceTree = "<group>"; };
		F8D5F3423007950B00BEC2E6 /* Guard.app */ = {isa = PBXFileReference; explicitFileType = wrapper.application; includeInIndex = 0; path = Guard.app; sourceTree = BUILT_PRODUCTS_DIR; };
		F8D5F3443007950B00BEC2E6 /* AppDelegate.swift */ = {isa = PBXFileReference; lastKnownFileType = sourcecode.swift; path = AppDelegate.swift; sourceTree = "<group>"; };
		F8D5F3473007950B00BEC2E6 /* Base */ = {isa = PBXFileReference; lastKnownFileType = file.storyboard; name = Base; path = Base.lproj/Main.storyboard; sourceTree = "<group>"; };
		F8D5F3493007950B00BEC2E6 /* Info.plist */ = {isa = PBXFileReference; lastKnownFileType = text.plist.xml; path = Info.plist; sourceTree = "<group>"; };
		F8D5F34E3007950B00BEC2E6 /* Guard Extension.appex */ = {isa = PBXFileReference; explicitFileType = "wrapper.app-extension"; includeInIndex = 0; path = "Guard Extension.appex"; sourceTree = BUILT_PRODUCTS_DIR; };
		F8D5F3533007950B00BEC2E6 /* Info.plist */ = {isa = PBXFileReference; lastKnownFileType = text.plist.xml; path = Info.plist; sourceTree = "<group>"; };
		F8D5F3583007950B00BEC2E6 /* Guard Extension.appex */ = {isa = PBXFileReference; explicitFileType = "wrapper.app-extension"; includeInIndex = 0; path = "Guard Extension.appex"; sourceTree = BUILT_PRODUCTS_DIR; };
		F8D5F35D3007950B00BEC2E6 /* Info.plist */ = {isa = PBXFileReference; lastKnownFileType = text.plist.xml; path = Info.plist; sourceTree = "<group>"; };
		F8D5F37D3007950B00BEC2E6 /* offscreen.html */ = {isa = PBXFileReference; lastKnownFileType = text.html; name = offscreen.html; path = "../../.output/safari-mv2/offscreen.html"; sourceTree = "<group>"; };
		F8D5F37E3007950B00BEC2E6 /* background.js */ = {isa = PBXFileReference; lastKnownFileType = sourcecode.javascript; name = background.js; path = "../../.output/safari-mv2/background.js"; sourceTree = "<group>"; };
		F8D5F37F3007950B00BEC2E6 /* popup.html */ = {isa = PBXFileReference; lastKnownFileType = text.html; name = popup.html; path = "../../.output/safari-mv2/popup.html"; sourceTree = "<group>"; };
		F8D5F3803007950B00BEC2E6 /* wasm */ = {isa = PBXFileReference; lastKnownFileType = folder; name = wasm; path = "../../.output/safari-mv2/wasm"; sourceTree = "<group>"; };
		F8D5F3813007950B00BEC2E6 /* models */ = {isa = PBXFileReference; lastKnownFileType = folder; name = models; path = "../../.output/safari-mv2/models"; sourceTree = "<group>"; };
		F8D5F3823007950B00BEC2E6 /* chunks */ = {isa = PBXFileReference; lastKnownFileType = folder; name = chunks; path = "../../.output/safari-mv2/chunks"; sourceTree = "<group>"; };
		F8D5F3833007950B00BEC2E6 /* content-scripts */ = {isa = PBXFileReference; lastKnownFileType = folder; name = "content-scripts"; path = "../../.output/safari-mv2/content-scripts"; sourceTree = "<group>"; };
		F8D5F3843007950B00BEC2E6 /* icons */ = {isa = PBXFileReference; lastKnownFileType = folder; name = icons; path = "../../.output/safari-mv2/icons"; sourceTree = "<group>"; };
		F8D5F3853007950B00BEC2E6 /* manifest.json */ = {isa = PBXFileReference; lastKnownFileType = text.json; name = manifest.json; path = "../../.output/safari-mv2/manifest.json"; sourceTree = "<group>"; };
		F8D5F3863007950B00BEC2E6 /* options.html */ = {isa = PBXFileReference; lastKnownFileType = text.html; name = options.html; path = "../../.output/safari-mv2/options.html"; sourceTree = "<group>"; };
		F8D5F3873007950B00BEC2E6 /* _locales */ = {isa = PBXFileReference; lastKnownFileType = folder; name = _locales; path = "../../.output/safari-mv2/_locales"; sourceTree = "<group>"; };
		F8D5F3883007950B00BEC2E6 /* setup.html */ = {isa = PBXFileReference; lastKnownFileType = text.html; name = setup.html; path = "../../.output/safari-mv2/setup.html"; sourceTree = "<group>"; };
		F8D5F3893007950B00BEC2E6 /* assets */ = {isa = PBXFileReference; lastKnownFileType = folder; name = assets; path = "../../.output/safari-mv2/assets"; sourceTree = "<group>"; };
		F8D5F9013007950B00BEC2E6 /* Version.xcconfig */ = {isa = PBXFileReference; lastKnownFileType = text.xcconfig; path = Version.xcconfig; sourceTree = "<group>"; };
		F8D5F9023007950B00BEC2E6 /* de */ = {isa = PBXFileReference; lastKnownFileType = text.html; name = de; path = de.lproj/Main.html; sourceTree = "<group>"; };
		F8D5F9033007950B00BEC2E6 /* iOS.entitlements */ = {isa = PBXFileReference; lastKnownFileType = text.plist.entitlements; path = iOS.entitlements; sourceTree = "<group>"; };
		F8D5F9043007950B00BEC2E6 /* macOS.entitlements */ = {isa = PBXFileReference; lastKnownFileType = text.plist.entitlements; path = macOS.entitlements; sourceTree = "<group>"; };
		F8D5F9103007950B00BEC2E6 /* GuardAppGroup.swift */ = {isa = PBXFileReference; lastKnownFileType = sourcecode.swift; path = GuardAppGroup.swift; sourceTree = "<group>"; };
/* End PBXFileReference section */

/* Begin PBXFrameworksBuildPhase section */
		F8D5F32D3007950B00BEC2E6 /* Frameworks */ = {
			isa = PBXFrameworksBuildPhase;
			buildActionMask = 2147483647;
			files = (
			);
			runOnlyForDeploymentPostprocessing = 0;
		};
		F8D5F33F3007950B00BEC2E6 /* Frameworks */ = {
			isa = PBXFrameworksBuildPhase;
			buildActionMask = 2147483647;
			files = (
			);
			runOnlyForDeploymentPostprocessing = 0;
		};
		F8D5F34B3007950B00BEC2E6 /* Frameworks */ = {
			isa = PBXFrameworksBuildPhase;
			buildActionMask = 2147483647;
			files = (
			);
			runOnlyForDeploymentPostprocessing = 0;
		};
		F8D5F3553007950B00BEC2E6 /* Frameworks */ = {
			isa = PBXFrameworksBuildPhase;
			buildActionMask = 2147483647;
			files = (
			);
			runOnlyForDeploymentPostprocessing = 0;
		};
/* End PBXFrameworksBuildPhase section */

/* Begin PBXGroup section */
		F8D5F31C3007950A00BEC2E6 = {
			isa = PBXGroup;
			children = (
				F8D5F9043007950B00BEC2E6 /* macOS.entitlements */,
				F8D5F9033007950B00BEC2E6 /* iOS.entitlements */,
				F8D5F9013007950B00BEC2E6 /* Version.xcconfig */,
				F8D5F3213007950A00BEC2E6 /* Shared (App) */,
				F8D5F32A3007950B00BEC2E6 /* Shared (Extension) */,
				F8D5F3323007950B00BEC2E6 /* iOS (App) */,
				F8D5F3433007950B00BEC2E6 /* macOS (App) */,
				F8D5F3523007950B00BEC2E6 /* iOS (Extension) */,
				F8D5F35C3007950B00BEC2E6 /* macOS (Extension) */,
				F8D5F3313007950B00BEC2E6 /* Products */,
			);
			sourceTree = "<group>";
		};
		F8D5F3213007950A00BEC2E6 /* Shared (App) */ = {
			isa = PBXGroup;
			children = (
				F8D5F3283007950A00BEC2E6 /* ViewController.swift */,
				F8D5F9103007950B00BEC2E6 /* GuardAppGroup.swift */,
				F8D5F3293007950B00BEC2E6 /* Assets.xcassets */,
				F8D5F3223007950A00BEC2E6 /* Resources */,
			);
			path = "Shared (App)";
			sourceTree = "<group>";
		};
		F8D5F3223007950A00BEC2E6 /* Resources */ = {
			isa = PBXGroup;
			children = (
				F8D5F3233007950A00BEC2E6 /* Main.html */,
				F8D5F3253007950A00BEC2E6 /* Icon.png */,
				F8D5F3263007950A00BEC2E6 /* Style.css */,
				F8D5F3273007950A00BEC2E6 /* Script.js */,
			);
			path = Resources;
			sourceTree = "<group>";
		};
		F8D5F32A3007950B00BEC2E6 /* Shared (Extension) */ = {
			isa = PBXGroup;
			children = (
				F8D5F37C3007950B00BEC2E6 /* Resources */,
				F8D5F32B3007950B00BEC2E6 /* SafariWebExtensionHandler.swift */,
			);
			path = "Shared (Extension)";
			sourceTree = "<group>";
		};
		F8D5F3313007950B00BEC2E6 /* Products */ = {
			isa = PBXGroup;
			children = (
				F8D5F3303007950B00BEC2E6 /* Guard.app */,
				F8D5F3423007950B00BEC2E6 /* Guard.app */,
				F8D5F34E3007950B00BEC2E6 /* Guard Extension.appex */,
				F8D5F3583007950B00BEC2E6 /* Guard Extension.appex */,
			);
			name = Products;
			sourceTree = "<group>";
		};
		F8D5F3323007950B00BEC2E6 /* iOS (App) */ = {
			isa = PBXGroup;
			children = (
				F8D5F3333007950B00BEC2E6 /* AppDelegate.swift */,
				F8D5F3353007950B00BEC2E6 /* SceneDelegate.swift */,
				F8D5F3373007950B00BEC2E6 /* LaunchScreen.storyboard */,
				F8D5F33A3007950B00BEC2E6 /* Main.storyboard */,
				F8D5F33D3007950B00BEC2E6 /* Info.plist */,
			);
			path = "iOS (App)";
			sourceTree = "<group>";
		};
		F8D5F3433007950B00BEC2E6 /* macOS (App) */ = {
			isa = PBXGroup;
			children = (
				F8D5F3443007950B00BEC2E6 /* AppDelegate.swift */,
				F8D5F3463007950B00BEC2E6 /* Main.storyboard */,
				F8D5F3493007950B00BEC2E6 /* Info.plist */,
			);
			path = "macOS (App)";
			sourceTree = "<group>";
		};
		F8D5F3523007950B00BEC2E6 /* iOS (Extension) */ = {
			isa = PBXGroup;
			children = (
				F8D5F3533007950B00BEC2E6 /* Info.plist */,
			);
			path = "iOS (Extension)";
			sourceTree = "<group>";
		};
		F8D5F35C3007950B00BEC2E6 /* macOS (Extension) */ = {
			isa = PBXGroup;
			children = (
				F8D5F35D3007950B00BEC2E6 /* Info.plist */,
			);
			path = "macOS (Extension)";
			sourceTree = "<group>";
		};
		F8D5F37C3007950B00BEC2E6 /* Resources */ = {
			isa = PBXGroup;
			children = (
				F8D5F37D3007950B00BEC2E6 /* offscreen.html */,
				F8D5F37E3007950B00BEC2E6 /* background.js */,
				F8D5F37F3007950B00BEC2E6 /* popup.html */,
				F8D5F3803007950B00BEC2E6 /* wasm */,
				F8D5F3813007950B00BEC2E6 /* models */,
				F8D5F3823007950B00BEC2E6 /* chunks */,
				F8D5F3833007950B00BEC2E6 /* content-scripts */,
				F8D5F3843007950B00BEC2E6 /* icons */,
				F8D5F3853007950B00BEC2E6 /* manifest.json */,
				F8D5F3863007950B00BEC2E6 /* options.html */,
				F8D5F3873007950B00BEC2E6 /* _locales */,
				F8D5F3883007950B00BEC2E6 /* setup.html */,
				F8D5F3893007950B00BEC2E6 /* assets */,
			);
			name = Resources;
			path = "Shared (Extension)";
			sourceTree = SOURCE_ROOT;
		};
/* End PBXGroup section */

/* Begin PBXNativeTarget section */
		F8D5F32F3007950B00BEC2E6 /* Guard (iOS) */ = {
			isa = PBXNativeTarget;
			buildConfigurationList = F8D5F3723007950B00BEC2E6 /* Build configuration list for PBXNativeTarget "Guard (iOS)" */;
			buildPhases = (
				F8D5F32C3007950B00BEC2E6 /* Sources */,
				F8D5F32D3007950B00BEC2E6 /* Frameworks */,
				F8D5F32E3007950B00BEC2E6 /* Resources */,
				F8D5F3713007950B00BEC2E6 /* Embed Foundation Extensions */,
			);
			buildRules = (
			);
			dependencies = (
				F8D5F3513007950B00BEC2E6 /* PBXTargetDependency */,
			);
			name = "Guard (iOS)";
			packageProductDependencies = (
			);
			productName = "Guard (iOS)";
			productReference = F8D5F3303007950B00BEC2E6 /* Guard.app */;
			productType = "com.apple.product-type.application";
		};
		F8D5F3413007950B00BEC2E6 /* Guard (macOS) */ = {
			isa = PBXNativeTarget;
			buildConfigurationList = F8D5F3793007950B00BEC2E6 /* Build configuration list for PBXNativeTarget "Guard (macOS)" */;
			buildPhases = (
				F8D5F33E3007950B00BEC2E6 /* Sources */,
				F8D5F33F3007950B00BEC2E6 /* Frameworks */,
				F8D5F3403007950B00BEC2E6 /* Resources */,
				F8D5F3783007950B00BEC2E6 /* Embed Foundation Extensions */,
			);
			buildRules = (
			);
			dependencies = (
				F8D5F35B3007950B00BEC2E6 /* PBXTargetDependency */,
			);
			name = "Guard (macOS)";
			packageProductDependencies = (
			);
			productName = "Guard (macOS)";
			productReference = F8D5F3423007950B00BEC2E6 /* Guard.app */;
			productType = "com.apple.product-type.application";
		};
		F8D5F34D3007950B00BEC2E6 /* Guard Extension (iOS) */ = {
			isa = PBXNativeTarget;
			buildConfigurationList = F8D5F36E3007950B00BEC2E6 /* Build configuration list for PBXNativeTarget "Guard Extension (iOS)" */;
			buildPhases = (
				F8D5F34A3007950B00BEC2E6 /* Sources */,
				F8D5F34B3007950B00BEC2E6 /* Frameworks */,
				F8D5F34C3007950B00BEC2E6 /* Resources */,
			);
			buildRules = (
			);
			dependencies = (
			);
			name = "Guard Extension (iOS)";
			packageProductDependencies = (
			);
			productName = "Guard Extension (iOS)";
			productReference = F8D5F34E3007950B00BEC2E6 /* Guard Extension.appex */;
			productType = "com.apple.product-type.app-extension";
		};
		F8D5F3573007950B00BEC2E6 /* Guard Extension (macOS) */ = {
			isa = PBXNativeTarget;
			buildConfigurationList = F8D5F3753007950B00BEC2E6 /* Build configuration list for PBXNativeTarget "Guard Extension (macOS)" */;
			buildPhases = (
				F8D5F3543007950B00BEC2E6 /* Sources */,
				F8D5F3553007950B00BEC2E6 /* Frameworks */,
				F8D5F3563007950B00BEC2E6 /* Resources */,
			);
			buildRules = (
			);
			dependencies = (
			);
			name = "Guard Extension (macOS)";
			packageProductDependencies = (
			);
			productName = "Guard Extension (macOS)";
			productReference = F8D5F3583007950B00BEC2E6 /* Guard Extension.appex */;
			productType = "com.apple.product-type.app-extension";
		};
/* End PBXNativeTarget section */

/* Begin PBXProject section */
		F8D5F31D3007950A00BEC2E6 /* Project object */ = {
			isa = PBXProject;
			attributes = {
				BuildIndependentTargetsInParallel = 1;
				LastSwiftUpdateCheck = 2660;
				LastUpgradeCheck = 2660;
				TargetAttributes = {
					F8D5F32F3007950B00BEC2E6 = {
						CreatedOnToolsVersion = 26.6;
					};
					F8D5F3413007950B00BEC2E6 = {
						CreatedOnToolsVersion = 26.6;
					};
					F8D5F34D3007950B00BEC2E6 = {
						CreatedOnToolsVersion = 26.6;
					};
					F8D5F3573007950B00BEC2E6 = {
						CreatedOnToolsVersion = 26.6;
					};
				};
			};
			buildConfigurationList = F8D5F3203007950A00BEC2E6 /* Build configuration list for PBXProject "Guard" */;
			developmentRegion = en;
			hasScannedForEncodings = 0;
			knownRegions = (
				en,
				Base,
				de,
			);
			mainGroup = F8D5F31C3007950A00BEC2E6;
			minimizedProjectReferenceProxies = 1;
			preferredProjectObjectVersion = 77;
			productRefGroup = F8D5F3313007950B00BEC2E6 /* Products */;
			projectDirPath = "";
			projectRoot = "";
			targets = (
				F8D5F32F3007950B00BEC2E6 /* Guard (iOS) */,
				F8D5F3413007950B00BEC2E6 /* Guard (macOS) */,
				F8D5F34D3007950B00BEC2E6 /* Guard Extension (iOS) */,
				F8D5F3573007950B00BEC2E6 /* Guard Extension (macOS) */,
			);
		};
/* End PBXProject section */

/* Begin PBXResourcesBuildPhase section */
		F8D5F32E3007950B00BEC2E6 /* Resources */ = {
			isa = PBXResourcesBuildPhase;
			buildActionMask = 2147483647;
			files = (
				F8D5F3603007950B00BEC2E6 /* Icon.png in Resources */,
				F8D5F3393007950B00BEC2E6 /* LaunchScreen.storyboard in Resources */,
				F8D5F35E3007950B00BEC2E6 /* Main.html in Resources */,
				F8D5F3643007950B00BEC2E6 /* Script.js in Resources */,
				F8D5F3683007950B00BEC2E6 /* Assets.xcassets in Resources */,
				F8D5F33C3007950B00BEC2E6 /* Main.storyboard in Resources */,
				F8D5F3623007950B00BEC2E6 /* Style.css in Resources */,
			);
			runOnlyForDeploymentPostprocessing = 0;
		};
		F8D5F3403007950B00BEC2E6 /* Resources */ = {
			isa = PBXResourcesBuildPhase;
			buildActionMask = 2147483647;
			files = (
				F8D5F3613007950B00BEC2E6 /* Icon.png in Resources */,
				F8D5F3633007950B00BEC2E6 /* Style.css in Resources */,
				F8D5F3483007950B00BEC2E6 /* Main.storyboard in Resources */,
				F8D5F3653007950B00BEC2E6 /* Script.js in Resources */,
				F8D5F3693007950B00BEC2E6 /* Assets.xcassets in Resources */,
				F8D5F35F3007950B00BEC2E6 /* Main.html in Resources */,
			);
			runOnlyForDeploymentPostprocessing = 0;
		};
		F8D5F34C3007950B00BEC2E6 /* Resources */ = {
			isa = PBXResourcesBuildPhase;
			buildActionMask = 2147483647;
			files = (
				F8D5F3A33007950B00BEC2E6 /* assets in Resources */,
				F8D5F39C3007950B00BEC2E6 /* chunks in Resources */,
				F8D5F39E3007950B00BEC2E6 /* icons in Resources */,
				F8D5F39D3007950B00BEC2E6 /* content-scripts in Resources */,
				F8D5F39B3007950B00BEC2E6 /* models in Resources */,
				F8D5F39F3007950B00BEC2E6 /* manifest.json in Resources */,
				F8D5F39A3007950B00BEC2E6 /* wasm in Resources */,
				F8D5F3983007950B00BEC2E6 /* background.js in Resources */,
				F8D5F3A03007950B00BEC2E6 /* options.html in Resources */,
				F8D5F3993007950B00BEC2E6 /* popup.html in Resources */,
				F8D5F3A13007950B00BEC2E6 /* _locales in Resources */,
				F8D5F3A23007950B00BEC2E6 /* setup.html in Resources */,
				F8D5F3973007950B00BEC2E6 /* offscreen.html in Resources */,
			);
			runOnlyForDeploymentPostprocessing = 0;
		};
		F8D5F3563007950B00BEC2E6 /* Resources */ = {
			isa = PBXResourcesBuildPhase;
			buildActionMask = 2147483647;
			files = (
				F8D5F3963007950B00BEC2E6 /* assets in Resources */,
				F8D5F38F3007950B00BEC2E6 /* chunks in Resources */,
				F8D5F3913007950B00BEC2E6 /* icons in Resources */,
				F8D5F3903007950B00BEC2E6 /* content-scripts in Resources */,
				F8D5F38E3007950B00BEC2E6 /* models in Resources */,
				F8D5F3923007950B00BEC2E6 /* manifest.json in Resources */,
				F8D5F38D3007950B00BEC2E6 /* wasm in Resources */,
				F8D5F38B3007950B00BEC2E6 /* background.js in Resources */,
				F8D5F3933007950B00BEC2E6 /* options.html in Resources */,
				F8D5F38C3007950B00BEC2E6 /* popup.html in Resources */,
				F8D5F3943007950B00BEC2E6 /* _locales in Resources */,
				F8D5F3953007950B00BEC2E6 /* setup.html in Resources */,
				F8D5F38A3007950B00BEC2E6 /* offscreen.html in Resources */,
			);
			runOnlyForDeploymentPostprocessing = 0;
		};
/* End PBXResourcesBuildPhase section */

/* Begin PBXSourcesBuildPhase section */
		F8D5F32C3007950B00BEC2E6 /* Sources */ = {
			isa = PBXSourcesBuildPhase;
			buildActionMask = 2147483647;
			files = (
				F8D5F9113007950B00BEC2E6 /* GuardAppGroup.swift in Sources */,
				F8D5F3663007950B00BEC2E6 /* ViewController.swift in Sources */,
				F8D5F3343007950B00BEC2E6 /* AppDelegate.swift in Sources */,
				F8D5F3363007950B00BEC2E6 /* SceneDelegate.swift in Sources */,
			);
			runOnlyForDeploymentPostprocessing = 0;
		};
		F8D5F33E3007950B00BEC2E6 /* Sources */ = {
			isa = PBXSourcesBuildPhase;
			buildActionMask = 2147483647;
			files = (
				F8D5F9123007950B00BEC2E6 /* GuardAppGroup.swift in Sources */,
				F8D5F3673007950B00BEC2E6 /* ViewController.swift in Sources */,
				F8D5F3453007950B00BEC2E6 /* AppDelegate.swift in Sources */,
			);
			runOnlyForDeploymentPostprocessing = 0;
		};
		F8D5F34A3007950B00BEC2E6 /* Sources */ = {
			isa = PBXSourcesBuildPhase;
			buildActionMask = 2147483647;
			files = (
				F8D5F9133007950B00BEC2E6 /* GuardAppGroup.swift in Sources */,
				F8D5F36A3007950B00BEC2E6 /* SafariWebExtensionHandler.swift in Sources */,
			);
			runOnlyForDeploymentPostprocessing = 0;
		};
		F8D5F3543007950B00BEC2E6 /* Sources */ = {
			isa = PBXSourcesBuildPhase;
			buildActionMask = 2147483647;
			files = (
				F8D5F9143007950B00BEC2E6 /* GuardAppGroup.swift in Sources */,
				F8D5F36B3007950B00BEC2E6 /* SafariWebExtensionHandler.swift in Sources */,
			);
			runOnlyForDeploymentPostprocessing = 0;
		};
/* End PBXSourcesBuildPhase section */

/* Begin PBXTargetDependency section */
		F8D5F3513007950B00BEC2E6 /* PBXTargetDependency */ = {
			isa = PBXTargetDependency;
			target = F8D5F34D3007950B00BEC2E6 /* Guard Extension (iOS) */;
			targetProxy = F8D5F3503007950B00BEC2E6 /* PBXContainerItemProxy */;
		};
		F8D5F35B3007950B00BEC2E6 /* PBXTargetDependency */ = {
			isa = PBXTargetDependency;
			target = F8D5F3573007950B00BEC2E6 /* Guard Extension (macOS) */;
			targetProxy = F8D5F35A3007950B00BEC2E6 /* PBXContainerItemProxy */;
		};
/* End PBXTargetDependency section */

/* Begin PBXVariantGroup section */
		F8D5F3233007950A00BEC2E6 /* Main.html */ = {
			isa = PBXVariantGroup;
			children = (
				F8D5F3243007950A00BEC2E6 /* Base */,
				F8D5F9023007950B00BEC2E6 /* de */,
			);
			name = Main.html;
			sourceTree = "<group>";
		};
		F8D5F3373007950B00BEC2E6 /* LaunchScreen.storyboard */ = {
			isa = PBXVariantGroup;
			children = (
				F8D5F3383007950B00BEC2E6 /* Base */,
			);
			name = LaunchScreen.storyboard;
			sourceTree = "<group>";
		};
		F8D5F33A3007950B00BEC2E6 /* Main.storyboard */ = {
			isa = PBXVariantGroup;
			children = (
				F8D5F33B3007950B00BEC2E6 /* Base */,
			);
			name = Main.storyboard;
			sourceTree = "<group>";
		};
		F8D5F3463007950B00BEC2E6 /* Main.storyboard */ = {
			isa = PBXVariantGroup;
			children = (
				F8D5F3473007950B00BEC2E6 /* Base */,
			);
			name = Main.storyboard;
			sourceTree = "<group>";
		};
/* End PBXVariantGroup section */

/* Begin XCBuildConfiguration section */
		F8D5F36C3007950B00BEC2E6 /* Debug */ = {
			isa = XCBuildConfiguration;
			baseConfigurationReference = F8D5F9013007950B00BEC2E6 /* Version.xcconfig */;
			buildSettings = {
				ALWAYS_SEARCH_USER_PATHS = NO;
				ASSETCATALOG_COMPILER_GENERATE_SWIFT_ASSET_SYMBOL_EXTENSIONS = YES;
				CLANG_ANALYZER_NONNULL = YES;
				CLANG_ANALYZER_NUMBER_OBJECT_CONVERSION = YES_AGGRESSIVE;
				CLANG_CXX_LANGUAGE_STANDARD = "gnu++20";
				CLANG_ENABLE_MODULES = YES;
				CLANG_ENABLE_OBJC_ARC = YES;
				CLANG_ENABLE_OBJC_WEAK = YES;
				CLANG_WARN_BLOCK_CAPTURE_AUTORELEASING = YES;
				CLANG_WARN_BOOL_CONVERSION = YES;
				CLANG_WARN_COMMA = YES;
				CLANG_WARN_CONSTANT_CONVERSION = YES;
				CLANG_WARN_DEPRECATED_OBJC_IMPLEMENTATIONS = YES;
				CLANG_WARN_DIRECT_OBJC_ISA_USAGE = YES_ERROR;
				CLANG_WARN_DOCUMENTATION_COMMENTS = YES;
				CLANG_WARN_EMPTY_BODY = YES;
				CLANG_WARN_ENUM_CONVERSION = YES;
				CLANG_WARN_INFINITE_RECURSION = YES;
				CLANG_WARN_INT_CONVERSION = YES;
				CLANG_WARN_NON_LITERAL_NULL_CONVERSION = YES;
				CLANG_WARN_OBJC_IMPLICIT_RETAIN_SELF = YES;
				CLANG_WARN_OBJC_LITERAL_CONVERSION = YES;
				CLANG_WARN_OBJC_ROOT_CLASS = YES_ERROR;
				CLANG_WARN_QUOTED_INCLUDE_IN_FRAMEWORK_HEADER = YES;
				CLANG_WARN_RANGE_LOOP_ANALYSIS = YES;
				CLANG_WARN_STRICT_PROTOTYPES = YES;
				CLANG_WARN_SUSPICIOUS_MOVE = YES;
				CLANG_WARN_UNGUARDED_AVAILABILITY = YES_AGGRESSIVE;
				CLANG_WARN_UNREACHABLE_CODE = YES;
				CLANG_WARN__DUPLICATE_METHOD_MATCH = YES;
				COPY_PHASE_STRIP = NO;
				DEBUG_INFORMATION_FORMAT = dwarf;
				ENABLE_STRICT_OBJC_MSGSEND = YES;
				ENABLE_TESTABILITY = YES;
				ENABLE_USER_SCRIPT_SANDBOXING = YES;
				GCC_C_LANGUAGE_STANDARD = gnu17;
				GCC_DYNAMIC_NO_PIC = NO;
				GCC_NO_COMMON_BLOCKS = YES;
				GCC_OPTIMIZATION_LEVEL = 0;
				GCC_PREPROCESSOR_DEFINITIONS = (
					"DEBUG=1",
					"$(inherited)",
				);
				GCC_WARN_64_TO_32_BIT_CONVERSION = YES;
				GCC_WARN_ABOUT_RETURN_TYPE = YES_ERROR;
				GCC_WARN_UNDECLARED_SELECTOR = YES;
				GCC_WARN_UNINITIALIZED_AUTOS = YES_AGGRESSIVE;
				GCC_WARN_UNUSED_FUNCTION = YES;
				GCC_WARN_UNUSED_VARIABLE = YES;
				INFOPLIST_KEY_LSApplicationCategoryType = "public.app-category.utilities";
				LOCALIZATION_PREFERS_STRING_CATALOGS = YES;
				MTL_ENABLE_DEBUG_INFO = INCLUDE_SOURCE;
				MTL_FAST_MATH = YES;
				ONLY_ACTIVE_ARCH = YES;
				SWIFT_ACTIVE_COMPILATION_CONDITIONS = "DEBUG $(inherited)";
				SWIFT_OPTIMIZATION_LEVEL = "-Onone";
			};
			name = Debug;
		};
		F8D5F36D3007950B00BEC2E6 /* Release */ = {
			isa = XCBuildConfiguration;
			baseConfigurationReference = F8D5F9013007950B00BEC2E6 /* Version.xcconfig */;
			buildSettings = {
				ALWAYS_SEARCH_USER_PATHS = NO;
				ASSETCATALOG_COMPILER_GENERATE_SWIFT_ASSET_SYMBOL_EXTENSIONS = YES;
				CLANG_ANALYZER_NONNULL = YES;
				CLANG_ANALYZER_NUMBER_OBJECT_CONVERSION = YES_AGGRESSIVE;
				CLANG_CXX_LANGUAGE_STANDARD = "gnu++20";
				CLANG_ENABLE_MODULES = YES;
				CLANG_ENABLE_OBJC_ARC = YES;
				CLANG_ENABLE_OBJC_WEAK = YES;
				CLANG_WARN_BLOCK_CAPTURE_AUTORELEASING = YES;
				CLANG_WARN_BOOL_CONVERSION = YES;
				CLANG_WARN_COMMA = YES;
				CLANG_WARN_CONSTANT_CONVERSION = YES;
				CLANG_WARN_DEPRECATED_OBJC_IMPLEMENTATIONS = YES;
				CLANG_WARN_DIRECT_OBJC_ISA_USAGE = YES_ERROR;
				CLANG_WARN_DOCUMENTATION_COMMENTS = YES;
				CLANG_WARN_EMPTY_BODY = YES;
				CLANG_WARN_ENUM_CONVERSION = YES;
				CLANG_WARN_INFINITE_RECURSION = YES;
				CLANG_WARN_INT_CONVERSION = YES;
				CLANG_WARN_NON_LITERAL_NULL_CONVERSION = YES;
				CLANG_WARN_OBJC_IMPLICIT_RETAIN_SELF = YES;
				CLANG_WARN_OBJC_LITERAL_CONVERSION = YES;
				CLANG_WARN_OBJC_ROOT_CLASS = YES_ERROR;
				CLANG_WARN_QUOTED_INCLUDE_IN_FRAMEWORK_HEADER = YES;
				CLANG_WARN_RANGE_LOOP_ANALYSIS = YES;
				CLANG_WARN_STRICT_PROTOTYPES = YES;
				CLANG_WARN_SUSPICIOUS_MOVE = YES;
				CLANG_WARN_UNGUARDED_AVAILABILITY = YES_AGGRESSIVE;
				CLANG_WARN_UNREACHABLE_CODE = YES;
				CLANG_WARN__DUPLICATE_METHOD_MATCH = YES;
				COPY_PHASE_STRIP = NO;
				DEBUG_INFORMATION_FORMAT = "dwarf-with-dsym";
				ENABLE_NS_ASSERTIONS = NO;
				ENABLE_STRICT_OBJC_MSGSEND = YES;
				ENABLE_USER_SCRIPT_SANDBOXING = YES;
				GCC_C_LANGUAGE_STANDARD = gnu17;
				GCC_NO_COMMON_BLOCKS = YES;
				GCC_WARN_64_TO_32_BIT_CONVERSION = YES;
				GCC_WARN_ABOUT_RETURN_TYPE = YES_ERROR;
				GCC_WARN_UNDECLARED_SELECTOR = YES;
				GCC_WARN_UNINITIALIZED_AUTOS = YES_AGGRESSIVE;
				GCC_WARN_UNUSED_FUNCTION = YES;
				GCC_WARN_UNUSED_VARIABLE = YES;
				INFOPLIST_KEY_LSApplicationCategoryType = "public.app-category.utilities";
				LOCALIZATION_PREFERS_STRING_CATALOGS = YES;
				MTL_ENABLE_DEBUG_INFO = NO;
				MTL_FAST_MATH = YES;
				SWIFT_COMPILATION_MODE = wholemodule;
			};
			name = Release;
		};
		F8D5F36F3007950B00BEC2E6 /* Debug */ = {
			isa = XCBuildConfiguration;
			buildSettings = {
				CODE_SIGN_ENTITLEMENTS = iOS.entitlements;
				CODE_SIGN_STYLE = Automatic;
				DEVELOPMENT_TEAM = UZ73AWW39M;
				GENERATE_INFOPLIST_FILE = YES;
				INFOPLIST_FILE = "iOS (Extension)/Info.plist";
				INFOPLIST_KEY_CFBundleDisplayName = "Guard Extension";
				INFOPLIST_KEY_NSHumanReadableCopyright = "";
				IPHONEOS_DEPLOYMENT_TARGET = 15.0;
				LD_RUNPATH_SEARCH_PATHS = (
					"$(inherited)",
					"@executable_path/Frameworks",
					"@executable_path/../../Frameworks",
				);
				OTHER_LDFLAGS = (
					"-framework",
					SafariServices,
				);
				PRODUCT_BUNDLE_IDENTIFIER = com.elhio.guard.Extension;
				PRODUCT_NAME = "Guard Extension";
				SDKROOT = iphoneos;
				SKIP_INSTALL = YES;
				STRING_CATALOG_GENERATE_SYMBOLS = YES;
				SWIFT_APPROACHABLE_CONCURRENCY = YES;
				SWIFT_EMIT_LOC_STRINGS = YES;
				SWIFT_UPCOMING_FEATURE_MEMBER_IMPORT_VISIBILITY = YES;
				SWIFT_VERSION = 5.0;
				TARGETED_DEVICE_FAMILY = "1,2";
			};
			name = Debug;
		};
		F8D5F3703007950B00BEC2E6 /* Release */ = {
			isa = XCBuildConfiguration;
			buildSettings = {
				CODE_SIGN_ENTITLEMENTS = iOS.entitlements;
				CODE_SIGN_STYLE = Automatic;
				DEVELOPMENT_TEAM = UZ73AWW39M;
				GENERATE_INFOPLIST_FILE = YES;
				INFOPLIST_FILE = "iOS (Extension)/Info.plist";
				INFOPLIST_KEY_CFBundleDisplayName = "Guard Extension";
				INFOPLIST_KEY_NSHumanReadableCopyright = "";
				IPHONEOS_DEPLOYMENT_TARGET = 15.0;
				LD_RUNPATH_SEARCH_PATHS = (
					"$(inherited)",
					"@executable_path/Frameworks",
					"@executable_path/../../Frameworks",
				);
				OTHER_LDFLAGS = (
					"-framework",
					SafariServices,
				);
				PRODUCT_BUNDLE_IDENTIFIER = com.elhio.guard.Extension;
				PRODUCT_NAME = "Guard Extension";
				SDKROOT = iphoneos;
				SKIP_INSTALL = YES;
				STRING_CATALOG_GENERATE_SYMBOLS = YES;
				SWIFT_APPROACHABLE_CONCURRENCY = YES;
				SWIFT_EMIT_LOC_STRINGS = YES;
				SWIFT_UPCOMING_FEATURE_MEMBER_IMPORT_VISIBILITY = YES;
				SWIFT_VERSION = 5.0;
				TARGETED_DEVICE_FAMILY = "1,2";
				VALIDATE_PRODUCT = YES;
			};
			name = Release;
		};
		F8D5F3733007950B00BEC2E6 /* Debug */ = {
			isa = XCBuildConfiguration;
			buildSettings = {
				ASSETCATALOG_COMPILER_APPICON_NAME = AppIcon;
				ASSETCATALOG_COMPILER_GLOBAL_ACCENT_COLOR_NAME = AccentColor;
				CODE_SIGN_ENTITLEMENTS = iOS.entitlements;
				CODE_SIGN_STYLE = Automatic;
				DEVELOPMENT_TEAM = UZ73AWW39M;
				GENERATE_INFOPLIST_FILE = YES;
				INFOPLIST_FILE = "iOS (App)/Info.plist";
				INFOPLIST_KEY_CFBundleDisplayName = Guard;
				INFOPLIST_KEY_ITSAppUsesNonExemptEncryption = NO;
				INFOPLIST_KEY_LSApplicationCategoryType = "public.app-category.utilities";
				INFOPLIST_KEY_UIApplicationSupportsIndirectInputEvents = YES;
				INFOPLIST_KEY_UILaunchStoryboardName = LaunchScreen;
				INFOPLIST_KEY_UIMainStoryboardFile = Main;
				INFOPLIST_KEY_UISupportedInterfaceOrientations = "UIInterfaceOrientationPortrait UIInterfaceOrientationLandscapeLeft UIInterfaceOrientationLandscapeRight";
				INFOPLIST_KEY_UISupportedInterfaceOrientations_iPad = "UIInterfaceOrientationPortrait UIInterfaceOrientationPortraitUpsideDown UIInterfaceOrientationLandscapeLeft UIInterfaceOrientationLandscapeRight";
				IPHONEOS_DEPLOYMENT_TARGET = 15.0;
				LD_RUNPATH_SEARCH_PATHS = (
					"$(inherited)",
					"@executable_path/Frameworks",
				);
				OTHER_LDFLAGS = (
					"-framework",
					SafariServices,
					"-framework",
					WebKit,
				);
				PRODUCT_BUNDLE_IDENTIFIER = com.elhio.guard;
				PRODUCT_NAME = Guard;
				SDKROOT = iphoneos;
				STRING_CATALOG_GENERATE_SYMBOLS = YES;
				SWIFT_APPROACHABLE_CONCURRENCY = YES;
				SWIFT_DEFAULT_ACTOR_ISOLATION = MainActor;
				SWIFT_EMIT_LOC_STRINGS = YES;
				SWIFT_UPCOMING_FEATURE_MEMBER_IMPORT_VISIBILITY = YES;
				SWIFT_VERSION = 5.0;
				TARGETED_DEVICE_FAMILY = "1,2";
			};
			name = Debug;
		};
		F8D5F3743007950B00BEC2E6 /* Release */ = {
			isa = XCBuildConfiguration;
			buildSettings = {
				ASSETCATALOG_COMPILER_APPICON_NAME = AppIcon;
				ASSETCATALOG_COMPILER_GLOBAL_ACCENT_COLOR_NAME = AccentColor;
				CODE_SIGN_ENTITLEMENTS = iOS.entitlements;
				CODE_SIGN_STYLE = Automatic;
				DEVELOPMENT_TEAM = UZ73AWW39M;
				GENERATE_INFOPLIST_FILE = YES;
				INFOPLIST_FILE = "iOS (App)/Info.plist";
				INFOPLIST_KEY_CFBundleDisplayName = Guard;
				INFOPLIST_KEY_ITSAppUsesNonExemptEncryption = NO;
				INFOPLIST_KEY_LSApplicationCategoryType = "public.app-category.utilities";
				INFOPLIST_KEY_UIApplicationSupportsIndirectInputEvents = YES;
				INFOPLIST_KEY_UILaunchStoryboardName = LaunchScreen;
				INFOPLIST_KEY_UIMainStoryboardFile = Main;
				INFOPLIST_KEY_UISupportedInterfaceOrientations = "UIInterfaceOrientationPortrait UIInterfaceOrientationLandscapeLeft UIInterfaceOrientationLandscapeRight";
				INFOPLIST_KEY_UISupportedInterfaceOrientations_iPad = "UIInterfaceOrientationPortrait UIInterfaceOrientationPortraitUpsideDown UIInterfaceOrientationLandscapeLeft UIInterfaceOrientationLandscapeRight";
				IPHONEOS_DEPLOYMENT_TARGET = 15.0;
				LD_RUNPATH_SEARCH_PATHS = (
					"$(inherited)",
					"@executable_path/Frameworks",
				);
				OTHER_LDFLAGS = (
					"-framework",
					SafariServices,
					"-framework",
					WebKit,
				);
				PRODUCT_BUNDLE_IDENTIFIER = com.elhio.guard;
				PRODUCT_NAME = Guard;
				SDKROOT = iphoneos;
				STRING_CATALOG_GENERATE_SYMBOLS = YES;
				SWIFT_APPROACHABLE_CONCURRENCY = YES;
				SWIFT_DEFAULT_ACTOR_ISOLATION = MainActor;
				SWIFT_EMIT_LOC_STRINGS = YES;
				SWIFT_UPCOMING_FEATURE_MEMBER_IMPORT_VISIBILITY = YES;
				SWIFT_VERSION = 5.0;
				TARGETED_DEVICE_FAMILY = "1,2";
				VALIDATE_PRODUCT = YES;
			};
			name = Release;
		};
		F8D5F3763007950B00BEC2E6 /* Debug */ = {
			isa = XCBuildConfiguration;
			buildSettings = {
				CODE_SIGN_ENTITLEMENTS = macOS.entitlements;
				CODE_SIGN_STYLE = Automatic;
				DEVELOPMENT_TEAM = UZ73AWW39M;
				ENABLE_APP_SANDBOX = YES;
				ENABLE_HARDENED_RUNTIME = YES;
				ENABLE_USER_SELECTED_FILES = readonly;
				GENERATE_INFOPLIST_FILE = YES;
				INFOPLIST_FILE = "macOS (Extension)/Info.plist";
				INFOPLIST_KEY_CFBundleDisplayName = "Guard Extension";
				INFOPLIST_KEY_NSHumanReadableCopyright = "";
				LD_RUNPATH_SEARCH_PATHS = (
					"$(inherited)",
					"@executable_path/../Frameworks",
					"@executable_path/../../../../Frameworks",
				);
				MACOSX_DEPLOYMENT_TARGET = 13.0;
				OTHER_LDFLAGS = (
					"-framework",
					SafariServices,
				);
				PRODUCT_BUNDLE_IDENTIFIER = com.elhio.guard.Extension;
				PRODUCT_NAME = "Guard Extension";
				SDKROOT = macosx;
				SKIP_INSTALL = YES;
				STRING_CATALOG_GENERATE_SYMBOLS = YES;
				SWIFT_APPROACHABLE_CONCURRENCY = YES;
				SWIFT_EMIT_LOC_STRINGS = YES;
				SWIFT_UPCOMING_FEATURE_MEMBER_IMPORT_VISIBILITY = YES;
				SWIFT_VERSION = 5.0;
			};
			name = Debug;
		};
		F8D5F3773007950B00BEC2E6 /* Release */ = {
			isa = XCBuildConfiguration;
			buildSettings = {
				CODE_SIGN_ENTITLEMENTS = macOS.entitlements;
				CODE_SIGN_STYLE = Automatic;
				DEVELOPMENT_TEAM = UZ73AWW39M;
				ENABLE_APP_SANDBOX = YES;
				ENABLE_HARDENED_RUNTIME = YES;
				ENABLE_USER_SELECTED_FILES = readonly;
				GENERATE_INFOPLIST_FILE = YES;
				INFOPLIST_FILE = "macOS (Extension)/Info.plist";
				INFOPLIST_KEY_CFBundleDisplayName = "Guard Extension";
				INFOPLIST_KEY_NSHumanReadableCopyright = "";
				LD_RUNPATH_SEARCH_PATHS = (
					"$(inherited)",
					"@executable_path/../Frameworks",
					"@executable_path/../../../../Frameworks",
				);
				MACOSX_DEPLOYMENT_TARGET = 13.0;
				OTHER_LDFLAGS = (
					"-framework",
					SafariServices,
				);
				PRODUCT_BUNDLE_IDENTIFIER = com.elhio.guard.Extension;
				PRODUCT_NAME = "Guard Extension";
				SDKROOT = macosx;
				SKIP_INSTALL = YES;
				STRING_CATALOG_GENERATE_SYMBOLS = YES;
				SWIFT_APPROACHABLE_CONCURRENCY = YES;
				SWIFT_EMIT_LOC_STRINGS = YES;
				SWIFT_UPCOMING_FEATURE_MEMBER_IMPORT_VISIBILITY = YES;
				SWIFT_VERSION = 5.0;
			};
			name = Release;
		};
		F8D5F37A3007950B00BEC2E6 /* Debug */ = {
			isa = XCBuildConfiguration;
			buildSettings = {
				ASSETCATALOG_COMPILER_APPICON_NAME = AppIcon;
				ASSETCATALOG_COMPILER_GLOBAL_ACCENT_COLOR_NAME = AccentColor;
				CODE_SIGN_ENTITLEMENTS = macOS.entitlements;
				CODE_SIGN_STYLE = Automatic;
				DEVELOPMENT_TEAM = UZ73AWW39M;
				ENABLE_APP_SANDBOX = YES;
				ENABLE_HARDENED_RUNTIME = YES;
				ENABLE_OUTGOING_NETWORK_CONNECTIONS = YES;
				ENABLE_USER_SELECTED_FILES = readonly;
				GENERATE_INFOPLIST_FILE = YES;
				INFOPLIST_FILE = "macOS (App)/Info.plist";
				INFOPLIST_KEY_CFBundleDisplayName = Guard;
				INFOPLIST_KEY_ITSAppUsesNonExemptEncryption = NO;
				INFOPLIST_KEY_LSApplicationCategoryType = "public.app-category.utilities";
				INFOPLIST_KEY_NSMainStoryboardFile = Main;
				INFOPLIST_KEY_NSPrincipalClass = NSApplication;
				LD_RUNPATH_SEARCH_PATHS = (
					"$(inherited)",
					"@executable_path/../Frameworks",
				);
				MACOSX_DEPLOYMENT_TARGET = 13.0;
				OTHER_LDFLAGS = (
					"-framework",
					SafariServices,
					"-framework",
					WebKit,
				);
				PRODUCT_BUNDLE_IDENTIFIER = com.elhio.guard;
				PRODUCT_NAME = Guard;
				REGISTER_APP_GROUPS = YES;
				SDKROOT = macosx;
				STRING_CATALOG_GENERATE_SYMBOLS = YES;
				SWIFT_APPROACHABLE_CONCURRENCY = YES;
				SWIFT_DEFAULT_ACTOR_ISOLATION = MainActor;
				SWIFT_EMIT_LOC_STRINGS = YES;
				SWIFT_UPCOMING_FEATURE_MEMBER_IMPORT_VISIBILITY = YES;
				SWIFT_VERSION = 5.0;
			};
			name = Debug;
		};
		F8D5F37B3007950B00BEC2E6 /* Release */ = {
			isa = XCBuildConfiguration;
			buildSettings = {
				ASSETCATALOG_COMPILER_APPICON_NAME = AppIcon;
				ASSETCATALOG_COMPILER_GLOBAL_ACCENT_COLOR_NAME = AccentColor;
				CODE_SIGN_ENTITLEMENTS = macOS.entitlements;
				CODE_SIGN_STYLE = Automatic;
				DEVELOPMENT_TEAM = UZ73AWW39M;
				ENABLE_APP_SANDBOX = YES;
				ENABLE_HARDENED_RUNTIME = YES;
				ENABLE_OUTGOING_NETWORK_CONNECTIONS = YES;
				ENABLE_USER_SELECTED_FILES = readonly;
				GENERATE_INFOPLIST_FILE = YES;
				INFOPLIST_FILE = "macOS (App)/Info.plist";
				INFOPLIST_KEY_CFBundleDisplayName = Guard;
				INFOPLIST_KEY_ITSAppUsesNonExemptEncryption = NO;
				INFOPLIST_KEY_LSApplicationCategoryType = "public.app-category.utilities";
				INFOPLIST_KEY_NSMainStoryboardFile = Main;
				INFOPLIST_KEY_NSPrincipalClass = NSApplication;
				LD_RUNPATH_SEARCH_PATHS = (
					"$(inherited)",
					"@executable_path/../Frameworks",
				);
				MACOSX_DEPLOYMENT_TARGET = 13.0;
				OTHER_LDFLAGS = (
					"-framework",
					SafariServices,
					"-framework",
					WebKit,
				);
				PRODUCT_BUNDLE_IDENTIFIER = com.elhio.guard;
				PRODUCT_NAME = Guard;
				REGISTER_APP_GROUPS = YES;
				SDKROOT = macosx;
				STRING_CATALOG_GENERATE_SYMBOLS = YES;
				SWIFT_APPROACHABLE_CONCURRENCY = YES;
				SWIFT_DEFAULT_ACTOR_ISOLATION = MainActor;
				SWIFT_EMIT_LOC_STRINGS = YES;
				SWIFT_UPCOMING_FEATURE_MEMBER_IMPORT_VISIBILITY = YES;
				SWIFT_VERSION = 5.0;
			};
			name = Release;
		};
/* End XCBuildConfiguration section */

/* Begin XCConfigurationList section */
		F8D5F3203007950A00BEC2E6 /* Build configuration list for PBXProject "Guard" */ = {
			isa = XCConfigurationList;
			buildConfigurations = (
				F8D5F36C3007950B00BEC2E6 /* Debug */,
				F8D5F36D3007950B00BEC2E6 /* Release */,
			);
			defaultConfigurationIsVisible = 0;
			defaultConfigurationName = Release;
		};
		F8D5F36E3007950B00BEC2E6 /* Build configuration list for PBXNativeTarget "Guard Extension (iOS)" */ = {
			isa = XCConfigurationList;
			buildConfigurations = (
				F8D5F36F3007950B00BEC2E6 /* Debug */,
				F8D5F3703007950B00BEC2E6 /* Release */,
			);
			defaultConfigurationIsVisible = 0;
			defaultConfigurationName = Release;
		};
		F8D5F3723007950B00BEC2E6 /* Build configuration list for PBXNativeTarget "Guard (iOS)" */ = {
			isa = XCConfigurationList;
			buildConfigurations = (
				F8D5F3733007950B00BEC2E6 /* Debug */,
				F8D5F3743007950B00BEC2E6 /* Release */,
			);
			defaultConfigurationIsVisible = 0;
			defaultConfigurationName = Release;
		};
		F8D5F3753007950B00BEC2E6 /* Build configuration list for PBXNativeTarget "Guard Extension (macOS)" */ = {
			isa = XCConfigurationList;
			buildConfigurations = (
				F8D5F3763007950B00BEC2E6 /* Debug */,
				F8D5F3773007950B00BEC2E6 /* Release */,
			);
			defaultConfigurationIsVisible = 0;
			defaultConfigurationName = Release;
		};
		F8D5F3793007950B00BEC2E6 /* Build configuration list for PBXNativeTarget "Guard (macOS)" */ = {
			isa = XCConfigurationList;
			buildConfigurations = (
				F8D5F37A3007950B00BEC2E6 /* Debug */,
				F8D5F37B3007950B00BEC2E6 /* Release */,
			);
			defaultConfigurationIsVisible = 0;
			defaultConfigurationName = Release;
		};
/* End XCConfigurationList section */
	};
	rootObject = F8D5F31D3007950A00BEC2E6 /* Project object */;
}
